// !$*UTF8*$!
{
	archiveVersion = 1;
	classes = {
	};
	objectVersion = 46;
	objects = {

/* Begin PBXBuildFile section */
		09342C8A1D2A70B200F5C9CB /* AppDelegate.swift in Sources */ = {isa = PBXBuildFile; fileRef = 09342C891D2A70B200F5C9CB /* AppDelegate.swift */; };
		09342C8C1D2A70B200F5C9CB /* ViewController.swift in Sources */ = {isa = PBXBuildFile; fileRef = 09342C8B1D2A70B200F5C9CB /* ViewController.swift */; };
		09342C8F1D2A70B200F5C9CB /* Main.storyboard in Resources */ = {isa = PBXBuildFile; fileRef = 09342C8D1D2A70B200F5C9CB /* Main.storyboard */; };
		09342C911D2A70B200F5C9CB /* Assets.xcassets in Resources */ = {isa = PBXBuildFile; fileRef = 09342C901D2A70B200F5C9CB /* Assets.xcassets */; };
		09342C941D2A70B300F5C9CB /* LaunchScreen.storyboard in Resources */ = {isa = PBXBuildFile; fileRef = 09342C921D2A70B300F5C9CB /* LaunchScreen.storyboard */; };
		09342C9D1D2A7A5900F5C9CB /* CalculatorBrain.swift in Sources */ = {isa = PBXBuildFile; fileRef = 09342C9C1D2A7A5900F5C9CB /* CalculatorBrain.swift */; };
/* End PBXBuildFile section */

/* Begin PBXFileReference section */
		09342C861D2A70B200F5C9CB /* Tiller Calculator.app */ = {isa = PBXFileReference; explicitFileType = wrapper.application; includeInIndex = 0; path = "Tiller Calculator.app"; sourceTree = BUILT_PRODUCTS_DIR; };
		09342C891D2A70B200F5C9CB /* AppDelegate.swift */ = {isa = PBXFileReference; lastKnownFileType = sourcecode.swift; path = AppDelegate.swift; sourceTree = "<group>"; };
		09342C8B1D2A70B200F5C9CB /* ViewController.swift */ = {isa = PBXFileReference; lastKnownFileType = sourcecode.swift; path = ViewController.swift; sourceTree = "<group>"; };
		09342C8E1D2A70B200F5C9CB /* Base */ = {isa = PBXFileReference; lastKnownFileType = file.storyboard; name = Base; path = Base.lproj/Main.storyboard; sourceTree = "<group>"; };
		09342C901D2A70B200F5C9CB /* Assets.xcassets */ = {isa = PBXFileReference; lastKnownFileType = folder.assetcatalog; path = Assets.xcassets; sourceTree = "<group>"; };
		09342C931D2A70B300F5C9CB /* Base */ = {isa = PBXFileReference; lastKnownFileType = file.storyboard; name = Base; path = Base.lproj/LaunchScreen.storyboard; sourceTree = "<group>"; };
		09342C951D2A70B300F5C9CB /* Info.plist */ = {isa = PBXFileReference; lastKnownFileType = text.plist.xml; path = Info.plist; sourceTree = "<group>"; };
		09342C9C1D2A7A5900F5C9CB /* CalculatorBrain.swift */ = {isa = PBXFileReference; fileEncoding = 4; lastKnownFileType = sourcecode.swift; path = CalculatorBrain.swift; sourceTree = "<group>"; };
/* End PBXFileReference section */

/* Begin PBXFrameworksBuildPhase section */
		09342C831D2A70B200F5C9CB /* Frameworks */ = {
			isa = PBXFrameworksBuildPhase;
			buildActionMask = 2147483647;
			files = (
			);
			runOnlyForDeploymentPostprocessing = 0;
		};
/* End PBXFrameworksBuildPhase section */

/* Begin PBXGroup section */
		09342C7D1D2A70B200F5C9CB = {
			isa = PBXGroup;
			children = (
				09342C881D2A70B200F5C9CB /* Tiller Calculator */,
				09342C871D2A70B200F5C9CB /* Products */,
			);
			sourceTree = "<group>";
		};
		09342C871D2A70B200F5C9CB /* Products */ = {
			isa = PBXGroup;
			children = (
				09342C861D2A70B200F5C9CB /* Tiller Calculator.app */,
			);
			name = Products;
			sourceTree = "<group>";
		};
		09342C881D2A70B200F5C9CB /* Tiller Calculator */ = {
			isa = PBXGroup;
			children = (
				09342C9B1D2A714D00F5C9CB /* Supporting Files */,
				09342C8B1D2A70B200F5C9CB /* ViewController.swift */,
				09342C8D1D2A70B200F5C9CB /* Main.storyboard */,
				09342C9C1D2A7A5900F5C9CB /* CalculatorBrain.swift */,
			);
			path = "Tiller Calculator";
			sourceTree = "<group>";
		};
		09342C9B1D2A714D00F5C9CB /* Supporting Files */ = {
			isa = PBXGroup;
			children = (
				09342C951D2A70B300F5C9CB /* Info.plist */,
				09342C921D2A70B300F5C9CB /* LaunchScreen.storyboard */,
				09342C891D2A70B200F5C9CB /* AppDelegate.swift */,
				09342C901D2A70B200F5C9CB /* Assets.xcassets */,
			);
			name = "Supporting Files";
			sourceTree = "<group>";
		};
/* End PBXGroup section */

/* Begin PBXNativeTarget section */
		09342C851D2A70B200F5C9CB /* Tiller Calculator */ = {
			isa = PBXNativeTarget;
			buildConfigurationList = 09342C981D2A70B300F5C9CB /* Build configuration list for PBXNativeTarget "Tiller Calculator" */;
			buildPhases = (
				09342C821D2A70B200F5C9CB /* Sources */,
				09342C831D2A70B200F5C9CB /* Frameworks */,
				09342C841D2A70B200F5C9CB /* Resources */,
			);
			buildRules = (
			);
			dependencies = (
			);
			name = "Tiller Calculator";
			productName = "Tiller Calculator";
			productReference = 09342C861D2A70B200F5C9CB /* Tiller Calculator.app */;
			productType = "com.apple.product-type.application";
		};
/* End PBXNativeTarget section */

/* Begin PBXProject section */
		09342C7E1D2A70B200F5C9CB /* Project object */ = {
			isa = PBXProject;
			attributes = {
				LastSwiftUpdateCheck = 0730;
				LastUpgradeCheck = 0730;
				ORGANIZATIONNAME = "Olivier BARBIER";
				TargetAttributes = {
					09342C851D2A70B200F5C9CB = {
						CreatedOnToolsVersion = 7.3.1;
						DevelopmentTeam = XLBCZKVWTJ;
					};
				};
			};
			buildConfigurationList = 09342C811D2A70B200F5C9CB /* Build configuration list for PBXProject "Tiller Calculator" */;
			compatibilityVersion = "Xcode 3.2";
			developmentRegion = English;
			hasScannedForEncodings = 0;
			knownRegions = (
				en,
				Base,
			);
			mainGroup = 09342C7D1D2A70B200F5C9CB;
			productRefGroup = 09342C871D2A70B200F5C9CB /* Products */;
			projectDirPath = "";
			projectRoot = "";
			targets = (
				09342C851D2A70B200F5C9CB /* Tiller Calculator */,
			);
		};
/* End PBXProject section */

/* Begin PBXResourcesBuildPhase section */
		09342C841D2A70B200F5C9CB /* Resources */ = {
			isa = PBXResourcesBuildPhase;
			buildActionMask = 2147483647;
			files = (
				09342C941D2A70B300F5C9CB /* LaunchScreen.storyboard in Resources */,
				09342C911D2A70B200F5C9CB /* Assets.xcassets in Resources */,
				09342C8F1D2A70B200F5C9CB /* Main.storyboard in Resources */,
			);
			runOnlyForDeploymentPostprocessing = 0;
		};
/* End PBXResourcesBuildPhase section */

/* Begin PBXSourcesBuildPhase section */
		09342C821D2A70B200F5C9CB /* Sources */ = {
			isa = PBXSourcesBuildPhase;
			buildActionMask = 2147483647;
			files = (
				09342C9D1D2A7A5900F5C9CB /* CalculatorBrain.swift in Sources */,
				09342C8C1D2A70B200F5C9CB /* ViewController.swift in Sources */,
				09342C8A1D2A70B200F5C9CB /* AppDelegate.swift in Sources */,
			);
			runOnlyForDeploymentPostprocessing = 0;
		};
/* End PBXSourcesBuildPhase section */

/* Begin PBXVariantGroup section */
		09342C8D1D2A70B200F5C9CB /* Main.storyboard */ = {
			isa = PBXVariantGroup;
			children = (
				09342C8E1D2A70B200F5C9CB /* Base */,
			);
			name = Main.storyboard;
			sourceTree = "<group>";
		};
		09342C921D2A70B300F5C9CB /* LaunchScreen.storyboard */ = {
			isa = PBXVariantGroup;
			children = (
				09342C931D2A70B300F5C9CB /* Base */,
			);
			name = LaunchScreen.storyboard;
			sourceTree = "<group>";
		};
/* End PBXVariantGroup section */

/* Begin XCBuildConfiguration section */
		09342C961D2A70B300F5C9CB /* Debug */ = {
			isa = XCBuildConfiguration;
			buildSettings = {
				ALWAYS_SEARCH_USER_PATHS = NO;
				CLANG_ANALYZER_NONNULL = YES;
				CLANG_CXX_LANGUAGE_STANDARD = "gnu++0x";
				CLANG_CXX_LIBRARY = "libc++";
				CLANG_ENABLE_MODULES = YES;
				CLANG_ENABLE_OBJC_ARC = YES;
				CLANG_WARN_BOOL_CONVERSION = YES;
				CLANG_WARN_CONSTANT_CONVERSION = YES;
				CLANG_WARN_DIRECT_OBJC_ISA_USAGE = YES_ERROR;
				CLANG_WARN_EMPTY_BODY = YES;
				CLANG_WARN_ENUM_CONVERSION = YES;
				CLANG_WARN_INT_CONVERSION = YES;
				CLANG_WARN_OBJC_ROOT_CLASS = YES_ERROR;
				CLANG_WARN_UNREACHABLE_CODE = YES;
				CLANG_WARN__DUPLICATE_METHOD_MATCH = YES;
				"CODE_SIGN_IDENTITY[sdk=iphoneos*]" = "iPhone Developer";
				COPY_PHASE_STRIP = NO;
				DEBUG_INFORMATION_FORMAT = dwarf;
				ENABLE_STRICT_OBJC_MSGSEND = YES;
				ENABLE_TESTABILITY = YES;
				GCC_C_LANGUAGE_STANDARD = gnu99;
				GCC_DYNAMIC_NO_PIC = NO;
				GCC_NO_COMMON_BLOCKS = YES;
				GCC_OPTIMIZATION_LEVEL = 0;
				GCC_PREPROCESSOR_DEFINITIONS = (
					"DEBUG=1",
					"$(inherited)",
				);
				GCC_WARN_64_TO_32_BIT_CONVERSION = YES;
				GCC_WARN_ABOUT_RETURN_TYPE = YES_ERROR;
				GCC_WARN_UNDECLARED_SELECTOR = YES;
				GCC_WARN_UNINITIALIZED_AUTOS = YES_AGGRESSIVE;
				GCC_WARN_UNUSED_FUNCTION = YES;
				GCC_WARN_UNUSED_VARIABLE = YES;
				IPHONEOS_DEPLOYMENT_TARGET = 9.3;
				MTL_ENABLE_DEBUG_INFO = YES;
				ONLY_ACTIVE_ARCH = YES;
				SDKROOT = iphoneos;
				SWIFT_OPTIMIZATION_LEVEL = "-Onone";
				TARGETED_DEVICE_FAMILY = "1,2";
			};
			name = Debug;
		};
		09342C971D2A70B300F5C9CB /* Release */ = {
			isa = XCBuildConfiguration;
			buildSettings = {
				ALWAYS_SEARCH_USER_PATHS = NO;
				CLANG_ANALYZER_NONNULL = YES;
				CLANG_CXX_LANGUAGE_STANDARD = "gnu++0x";
				CLANG_CXX_LIBRARY = "libc++";
				CLANG_ENABLE_MODULES = YES;
				CLANG_ENABLE_OBJC_ARC = YES;
				CLANG_WARN_BOOL_CONVERSION = YES;
				CLANG_WARN_CONSTANT_CONVERSION = YES;
				CLANG_WARN_DIRECT_OBJC_ISA_USAGE = YES_ERROR;
				CLANG_WARN_EMPTY_BODY = YES;
				CLANG_WARN_ENUM_CONVERSION = YES;
				CLANG_WARN_INT_CONVERSION = YES;
				CLANG_WARN_OBJC_ROOT_CLASS = YES_ERROR;
				CLANG_WARN_UNREACHABLE_CODE = YES;
				CLANG_WARN__DUPLICATE_METHOD_MATCH = YES;
				"CODE_SIGN_IDENTITY[sdk=iphoneos*]" = "iPhone Developer";
				COPY_PHASE_STRIP = NO;
				DEBUG_INFORMATION_FORMAT = "dwarf-with-dsym";
				ENABLE_NS_ASSERTIONS = NO;
				ENABLE_STRICT_OBJC_MSGSEND = YES;
				GCC_C_LANGUAGE_STANDARD = gnu99;
				GCC_NO_COMMON_BLOCKS = YES;
				GCC_WARN_64_TO_32_BIT_CONVERSION = YES;
				GCC_WARN_ABOUT_RETURN_TYPE = YES_ERROR;
				GCC_WARN_UNDECLARED_SELECTOR = YES;
				GCC_WARN_UNINITIALIZED_AUTOS = YES_AGGRESSIVE;
				GCC_WARN_UNUSED_FUNCTION = YES;
				GCC_WARN_UNUSED_VARIABLE = YES;
				IPHONEOS_DEPLOYMENT_TARGET = 9.3;
				MTL_ENABLE_DEBUG_INFO = NO;
				SDKROOT = iphoneos;
				TARGETED_DEVICE_FAMILY = "1,2";
				VALIDATE_PRODUCT = YES;
			};
			name = Release;
		};
		09342C991D2A70B300F5C9CB /* Debug */ = {
			isa = XCBuildConfiguration;
			buildSettings = {
				ASSETCATALOG_COMPILER_APPICON_NAME = AppIcon;
				CODE_SIGN_IDENTITY = "iPhone Developer";
				INFOPLIST_FILE = "Tiller Calculator/Info.plist";
				LD_RUNPATH_SEARCH_PATHS = "$(inherited) @executable_path/Frameworks";
				PRODUCT_BUNDLE_IDENTIFIER = "com.tillersystems.obarbier.Tiller-Calculator";
				PRODUCT_NAME = "$(TARGET_NAME)";
			};
			name = Debug;
		};
		09342C9A1D2A70B300F5C9CB /* Release */ = {
			isa = XCBuildConfiguration;
			buildSettings = {
				ASSETCATALOG_COMPILER_APPICON_NAME = AppIcon;
				CODE_SIGN_IDENTITY = "iPhone Developer";
				INFOPLIST_FILE = "Tiller Calculator/Info.plist";
				LD_RUNPATH_SEARCH_PATHS = "$(inherited) @executable_path/Frameworks";
				PRODUCT_BUNDLE_IDENTIFIER = "com.tillersystems.obarbier.Tiller-Calculator";
				PRODUCT_NAME = "$(TARGET_NAME)";
			};
			name = Release;
		};
/* End XCBuildConfiguration section */

/* Begin XCConfigurationList section */
		09342C811D2A70B200F5C9CB /* Build configuration list for PBXProject "Tiller Calculator" */ = {
			isa = XCConfigurationList;
			buildConfigurations = (
				09342C961D2A70B300F5C9CB /* Debug */,
				09342C971D2A70B300F5C9CB /* Release */,
			);
			defaultConfigurationIsVisible = 0;
			defaultConfigurationName = Release;
		};
		09342C981D2A70B300F5C9CB /* Build configuration list for PBXNativeTarget "Tiller Calculator" */ = {
			isa = XCConfigurationList;
			buildConfigurations = (
				09342C991D2A70B300F5C9CB /* Debug */,
				09342C9A1D2A70B300F5C9CB /* Release */,
			);
			defaultConfigurationIsVisible = 0;
		};
/* End XCConfigurationList section */
	};
	rootObject = 09342C7E1D2A70B200F5C9CB /* Project object */;
}
